FORGE
  remote: https://forgeapi.puppetlabs.com
  specs:
    camptocamp-systemd (3.0.0)
      puppetlabs-inifile (< 6.0.0, >= 1.6.0)
      puppetlabs-stdlib (< 8.0.0, >= 4.13.1)
    puppet-archive (5.0.0)
      puppetlabs-stdlib (< 8.0.0, >= 4.18.0)
    puppet-epel (3.1.0)
    puppet-python (6.1.0)
      puppet-epel (< 4.0.0, >= 3.0.0)
      puppetlabs-stdlib (< 8.0.0, >= 4.19.0)
    puppet-rabbitmq (11.1.0)
      camptocamp-systemd (< 4.0.0, >= 2.10.0)
      puppet-archive (< 6.0.0, >= 2.0.0)
      puppetlabs-stdlib (< 8.0.0, >= 4.13.1)
    puppetlabs-inifile (5.2.0)
      puppetlabs-stdlib (< 9.0.0, >= 4.13.0)
    puppetlabs-stdlib (7.1.0)
    puppetlabs-vcsrepo (5.0.0)

DEPENDENCIES
  puppet-python (= 6.1.0)
  puppet-rabbitmq (= 11.1.0)
  puppetlabs-vcsrepo (= 5.0.0)

